[root]
name = "rosalind-cli"
version = "0.0.1"
dependencies = [
 "getopts 0.2.14 (registry+https://github.com/rust-lang/crates.io-index)",
 "rosalind 0.0.1 (git+https://github.com/antklim/rosalind.git)",
]

[[package]]
name = "getopts"
version = "0.2.14"
source = "registry+https://github.com/rust-lang/crates.io-index"

[[package]]
name = "rosalind"
version = "0.0.1"
source = "git+https://github.com/antklim/rosalind.git#f851991ffbf387c9704cbd24e0cc606088fff7ca"

